
Microsoft Visual Studio Solution File, Format Version 12.00
# Visual Studio Version 17
VisualStudioVersion = 17.9.34616.47
MinimumVisualStudioVersion = 10.0.40219.1
Project("{9A19103F-16F7-4668-BE54-9A1E7A4F7556}") = "Task1", "Task1\Task1.csproj", "{15976A7C-FE66-49E2-9D1E-C5ACFB787A1C}"
EndProject
Project("{FAE04EC0-301F-11D3-BF4B-00C04F79EFBC}") = "Task2", "Task2\Task2.csproj", "{797E8332-2199-48BE-B7B8-29848902444D}"
EndProject
Global
	GlobalSection(SolutionConfigurationPlatforms) = preSolution
		Debug|Any CPU = Debug|Any CPU
		Release|Any CPU = Release|Any CPU
	EndGlobalSection
	GlobalSection(ProjectConfigurationPlatforms) = postSolution
		{15976A7C-FE66-49E2-9D1E-C5ACFB787A1C}.Debug|Any CPU.ActiveCfg = Debug|Any CPU
		{15976A7C-FE66-49E2-9D1E-C5ACFB787A1C}.Debug|Any CPU.Build.0 = Debug|Any CPU
		{15976A7C-FE66-49E2-9D1E-C5ACFB787A1C}.Release|Any CPU.ActiveCfg = Release|Any CPU
		{15976A7C-FE66-49E2-9D1E-C5ACFB787A1C}.Release|Any CPU.Build.0 = Release|Any CPU
		{797E8332-2199-48BE-B7B8-29848902444D}.Debug|Any CPU.ActiveCfg = Debug|Any CPU
		{797E8332-2199-48BE-B7B8-29848902444D}.Debug|Any CPU.Build.0 = Debug|Any CPU
		{797E8332-2199-48BE-B7B8-29848902444D}.Release|Any CPU.ActiveCfg = Release|Any CPU
		{797E8332-2199-48BE-B7B8-29848902444D}.Release|Any CPU.Build.0 = Release|Any CPU
	EndGlobalSection
	GlobalSection(SolutionProperties) = preSolution
		HideSolutionNode = FALSE
	EndGlobalSection
	GlobalSection(ExtensibilityGlobals) = postSolution
		SolutionGuid = {59E31D02-1D56-4595-BD7F-46E1DDFAFBF6}
	EndGlobalSection
EndGlobal
