
Microsoft Visual Studio Solution File, Format Version 12.00
# Visual Studio Version 17
VisualStudioVersion = 17.9.34616.47
MinimumVisualStudioVersion = 10.0.40219.1
Project("{FAE04EC0-301F-11D3-BF4B-00C04F79EFBC}") = "Task1", "Task1\Task1.csproj", "{9451EC67-E467-4850-A948-78A4C27C6474}"
EndProject
Global
	GlobalSection(SolutionConfigurationPlatforms) = preSolution
		Debug|Any CPU = Debug|Any CPU
		Release|Any CPU = Release|Any CPU
	EndGlobalSection
	GlobalSection(ProjectConfigurationPlatforms) = postSolution
		{9451EC67-E467-4850-A948-78A4C27C6474}.Debug|Any CPU.ActiveCfg = Debug|Any CPU
		{9451EC67-E467-4850-A948-78A4C27C6474}.Debug|Any CPU.Build.0 = Debug|Any CPU
		{9451EC67-E467-4850-A948-78A4C27C6474}.Release|Any CPU.ActiveCfg = Release|Any CPU
		{9451EC67-E467-4850-A948-78A4C27C6474}.Release|Any CPU.Build.0 = Release|Any CPU
	EndGlobalSection
	GlobalSection(SolutionProperties) = preSolution
		HideSolutionNode = FALSE
	EndGlobalSection
	GlobalSection(ExtensibilityGlobals) = postSolution
		SolutionGuid = {1D1118F7-59C5-437B-841F-1F5F7AFA8207}
	EndGlobalSection
EndGlobal
