
Microsoft Visual Studio Solution File, Format Version 12.00
# Visual Studio Version 17
VisualStudioVersion = 17.9.34728.123
MinimumVisualStudioVersion = 10.0.40219.1
Project("{FAE04EC0-301F-11D3-BF4B-00C04F79EFBC}") = "LabWork30", "LabWork30.csproj", "{8DFFE8E5-D728-42F4-B621-623F9DD2F78C}"
EndProject
Global
	GlobalSection(SolutionConfigurationPlatforms) = preSolution
		Debug|Any CPU = Debug|Any CPU
		Release|Any CPU = Release|Any CPU
	EndGlobalSection
	GlobalSection(ProjectConfigurationPlatforms) = postSolution
		{8DFFE8E5-D728-42F4-B621-623F9DD2F78C}.Debug|Any CPU.ActiveCfg = Debug|Any CPU
		{8DFFE8E5-D728-42F4-B621-623F9DD2F78C}.Debug|Any CPU.Build.0 = Debug|Any CPU
		{8DFFE8E5-D728-42F4-B621-623F9DD2F78C}.Release|Any CPU.ActiveCfg = Release|Any CPU
		{8DFFE8E5-D728-42F4-B621-623F9DD2F78C}.Release|Any CPU.Build.0 = Release|Any CPU
	EndGlobalSection
	GlobalSection(SolutionProperties) = preSolution
		HideSolutionNode = FALSE
	EndGlobalSection
	GlobalSection(ExtensibilityGlobals) = postSolution
		SolutionGuid = {BED8C968-4328-482E-8A74-938CB8D0BD4F}
	EndGlobalSection
EndGlobal
