
Microsoft Visual Studio Solution File, Format Version 12.00
# Visual Studio Version 17
VisualStudioVersion = 17.8.34511.84
MinimumVisualStudioVersion = 10.0.40219.1
Project("{FAE04EC0-301F-11D3-BF4B-00C04F79EFBC}") = "Task1", "Task1\Task1.csproj", "{28F44CC0-5C41-434A-8BD1-65CD15D0DAA5}"
EndProject
Project("{FAE04EC0-301F-11D3-BF4B-00C04F79EFBC}") = "Task2", "Task2\Task2.csproj", "{03B23406-AE0B-46C3-9D26-5EE67072F02A}"
EndProject
Project("{FAE04EC0-301F-11D3-BF4B-00C04F79EFBC}") = "Task3", "Task3\Task3.csproj", "{B4CA5F67-6317-4797-885B-EAFEC3D60897}"
EndProject
Global
	GlobalSection(SolutionConfigurationPlatforms) = preSolution
		Debug|Any CPU = Debug|Any CPU
		Release|Any CPU = Release|Any CPU
	EndGlobalSection
	GlobalSection(ProjectConfigurationPlatforms) = postSolution
		{28F44CC0-5C41-434A-8BD1-65CD15D0DAA5}.Debug|Any CPU.ActiveCfg = Debug|Any CPU
		{28F44CC0-5C41-434A-8BD1-65CD15D0DAA5}.Debug|Any CPU.Build.0 = Debug|Any CPU
		{28F44CC0-5C41-434A-8BD1-65CD15D0DAA5}.Release|Any CPU.ActiveCfg = Release|Any CPU
		{28F44CC0-5C41-434A-8BD1-65CD15D0DAA5}.Release|Any CPU.Build.0 = Release|Any CPU
		{03B23406-AE0B-46C3-9D26-5EE67072F02A}.Debug|Any CPU.ActiveCfg = Debug|Any CPU
		{03B23406-AE0B-46C3-9D26-5EE67072F02A}.Debug|Any CPU.Build.0 = Debug|Any CPU
		{03B23406-AE0B-46C3-9D26-5EE67072F02A}.Release|Any CPU.ActiveCfg = Release|Any CPU
		{03B23406-AE0B-46C3-9D26-5EE67072F02A}.Release|Any CPU.Build.0 = Release|Any CPU
		{B4CA5F67-6317-4797-885B-EAFEC3D60897}.Debug|Any CPU.ActiveCfg = Debug|Any CPU
		{B4CA5F67-6317-4797-885B-EAFEC3D60897}.Debug|Any CPU.Build.0 = Debug|Any CPU
		{B4CA5F67-6317-4797-885B-EAFEC3D60897}.Release|Any CPU.ActiveCfg = Release|Any CPU
		{B4CA5F67-6317-4797-885B-EAFEC3D60897}.Release|Any CPU.Build.0 = Release|Any CPU
	EndGlobalSection
	GlobalSection(SolutionProperties) = preSolution
		HideSolutionNode = FALSE
	EndGlobalSection
	GlobalSection(ExtensibilityGlobals) = postSolution
		SolutionGuid = {4FEC7DC6-F1C7-49DA-B92E-56E641EE2ADA}
	EndGlobalSection
EndGlobal
