
Microsoft Visual Studio Solution File, Format Version 12.00
# Visual Studio Version 17
VisualStudioVersion = 17.8.34511.84
MinimumVisualStudioVersion = 10.0.40219.1
Project("{FAE04EC0-301F-11D3-BF4B-00C04F79EFBC}") = "Task1", "Task1\Task1.csproj", "{705D06A3-06BE-4D9A-B7B2-52DD3596AFB6}"
EndProject
Global
	GlobalSection(SolutionConfigurationPlatforms) = preSolution
		Debug|Any CPU = Debug|Any CPU
		Release|Any CPU = Release|Any CPU
	EndGlobalSection
	GlobalSection(ProjectConfigurationPlatforms) = postSolution
		{705D06A3-06BE-4D9A-B7B2-52DD3596AFB6}.Debug|Any CPU.ActiveCfg = Debug|Any CPU
		{705D06A3-06BE-4D9A-B7B2-52DD3596AFB6}.Debug|Any CPU.Build.0 = Debug|Any CPU
		{705D06A3-06BE-4D9A-B7B2-52DD3596AFB6}.Release|Any CPU.ActiveCfg = Release|Any CPU
		{705D06A3-06BE-4D9A-B7B2-52DD3596AFB6}.Release|Any CPU.Build.0 = Release|Any CPU
	EndGlobalSection
	GlobalSection(SolutionProperties) = preSolution
		HideSolutionNode = FALSE
	EndGlobalSection
	GlobalSection(ExtensibilityGlobals) = postSolution
		SolutionGuid = {FF71E060-4F13-48A9-A8BC-C361B8D0A6FA}
	EndGlobalSection
EndGlobal
