
Microsoft Visual Studio Solution File, Format Version 12.00
# Visual Studio Version 17
VisualStudioVersion = 17.9.34616.47
MinimumVisualStudioVersion = 10.0.40219.1
Project("{FAE04EC0-301F-11D3-BF4B-00C04F79EFBC}") = "Task1", "LabWork16\Task1.csproj", "{493CF4B0-133D-486C-A216-5F725B650402}"
EndProject
Project("{FAE04EC0-301F-11D3-BF4B-00C04F79EFBC}") = "Task2", "Task2\Task2.csproj", "{BD4AFB6D-214D-4297-AF57-E3F1B5BEC72A}"
EndProject
Global
	GlobalSection(SolutionConfigurationPlatforms) = preSolution
		Debug|Any CPU = Debug|Any CPU
		Release|Any CPU = Release|Any CPU
	EndGlobalSection
	GlobalSection(ProjectConfigurationPlatforms) = postSolution
		{493CF4B0-133D-486C-A216-5F725B650402}.Debug|Any CPU.ActiveCfg = Debug|Any CPU
		{493CF4B0-133D-486C-A216-5F725B650402}.Debug|Any CPU.Build.0 = Debug|Any CPU
		{493CF4B0-133D-486C-A216-5F725B650402}.Release|Any CPU.ActiveCfg = Release|Any CPU
		{493CF4B0-133D-486C-A216-5F725B650402}.Release|Any CPU.Build.0 = Release|Any CPU
		{BD4AFB6D-214D-4297-AF57-E3F1B5BEC72A}.Debug|Any CPU.ActiveCfg = Debug|Any CPU
		{BD4AFB6D-214D-4297-AF57-E3F1B5BEC72A}.Debug|Any CPU.Build.0 = Debug|Any CPU
		{BD4AFB6D-214D-4297-AF57-E3F1B5BEC72A}.Release|Any CPU.ActiveCfg = Release|Any CPU
		{BD4AFB6D-214D-4297-AF57-E3F1B5BEC72A}.Release|Any CPU.Build.0 = Release|Any CPU
	EndGlobalSection
	GlobalSection(SolutionProperties) = preSolution
		HideSolutionNode = FALSE
	EndGlobalSection
	GlobalSection(ExtensibilityGlobals) = postSolution
		SolutionGuid = {12B606AF-61D0-4F67-B7FA-2DE337FC58A5}
	EndGlobalSection
EndGlobal
